
Microsoft Visual Studio Solution File, Format Version 12.00
# Visual Studio Version 17
VisualStudioVersion = 17.8.34511.84
MinimumVisualStudioVersion = 10.0.40219.1
Project("{FAE04EC0-301F-11D3-BF4B-00C04F79EFBC}") = "MaquinaVending", "MaquinaVending\MaquinaVending.csproj", "{230B18CF-AF8B-4040-AC80-00708B6C065C}"
EndProject
Global
	GlobalSection(SolutionConfigurationPlatforms) = preSolution
		Debug|Any CPU = Debug|Any CPU
		Release|Any CPU = Release|Any CPU
	EndGlobalSection
	GlobalSection(ProjectConfigurationPlatforms) = postSolution
		{230B18CF-AF8B-4040-AC80-00708B6C065C}.Debug|Any CPU.ActiveCfg = Debug|Any CPU
		{230B18CF-AF8B-4040-AC80-00708B6C065C}.Debug|Any CPU.Build.0 = Debug|Any CPU
		{230B18CF-AF8B-4040-AC80-00708B6C065C}.Release|Any CPU.ActiveCfg = Release|Any CPU
		{230B18CF-AF8B-4040-AC80-00708B6C065C}.Release|Any CPU.Build.0 = Release|Any CPU
	EndGlobalSection
	GlobalSection(SolutionProperties) = preSolution
		HideSolutionNode = FALSE
	EndGlobalSection
	GlobalSection(ExtensibilityGlobals) = postSolution
		SolutionGuid = {B7D18F9E-146A-42B8-A697-28FE9130A193}
	EndGlobalSection
EndGlobal
